// !$*UTF8*$!
{
	archiveVersion = 1;
	classes = {
	};
	objectVersion = 50;
	objects = {

/* Begin PBXBuildFile section */
		7531DF473E406A0350AB16F2 /* Pods_BezierCurveExample.framework in Frameworks */ = {isa = PBXBuildFile; fileRef = 2E4EA301154B187C8ADC2DB5 /* Pods_BezierCurveExample.framework */; };
		DC5AE10D1E4FE76200F060C9 /* AppDelegate.swift in Sources */ = {isa = PBXBuildFile; fileRef = DC5AE10C1E4FE76200F060C9 /* AppDelegate.swift */; };
		DC5AE10F1E4FE76200F060C9 /* ViewController.swift in Sources */ = {isa = PBXBuildFile; fileRef = DC5AE10E1E4FE76200F060C9 /* ViewController.swift */; };
		DC5AE1121E4FE76200F060C9 /* Main.storyboard in Resources */ = {isa = PBXBuildFile; fileRef = DC5AE1101E4FE76200F060C9 /* Main.storyboard */; };
		DC5AE1141E4FE76200F060C9 /* Assets.xcassets in Resources */ = {isa = PBXBuildFile; fileRef = DC5AE1131E4FE76200F060C9 /* Assets.xcassets */; };
		DC5AE1171E4FE76200F060C9 /* LaunchScreen.storyboard in Resources */ = {isa = PBXBuildFile; fileRef = DC5AE1151E4FE76200F060C9 /* LaunchScreen.storyboard */; };
/* End PBXBuildFile section */

/* Begin PBXFileReference section */
		2E4EA301154B187C8ADC2DB5 /* Pods_BezierCurveExample.framework */ = {isa = PBXFileReference; explicitFileType = wrapper.framework; includeInIndex = 0; path = Pods_BezierCurveExample.framework; sourceTree = BUILT_PRODUCTS_DIR; };
		339A9EBD9084E64069B25502 /* Pods-BezierCurveExample.release.xcconfig */ = {isa = PBXFileReference; includeInIndex = 1; lastKnownFileType = text.xcconfig; name = "Pods-BezierCurveExample.release.xcconfig"; path = "Pods/Target Support Files/Pods-BezierCurveExample/Pods-BezierCurveExample.release.xcconfig"; sourceTree = "<group>"; };
		9B3AC2A300F934115A76CBBF /* Pods-BezierCurveExample.debug.xcconfig */ = {isa = PBXFileReference; includeInIndex = 1; lastKnownFileType = text.xcconfig; name = "Pods-BezierCurveExample.debug.xcconfig"; path = "Pods/Target Support Files/Pods-BezierCurveExample/Pods-BezierCurveExample.debug.xcconfig"; sourceTree = "<group>"; };
		DC5AE1091E4FE76200F060C9 /* BezierCurveExample.app */ = {isa = PBXFileReference; explicitFileType = wrapper.application; includeInIndex = 0; path = BezierCurveExample.app; sourceTree = BUILT_PRODUCTS_DIR; };
		DC5AE10C1E4FE76200F060C9 /* AppDelegate.swift */ = {isa = PBXFileReference; lastKnownFileType = sourcecode.swift; path = AppDelegate.swift; sourceTree = "<group>"; };
		DC5AE10E1E4FE76200F060C9 /* ViewController.swift */ = {isa = PBXFileReference; lastKnownFileType = sourcecode.swift; path = ViewController.swift; sourceTree = "<group>"; };
		DC5AE1111E4FE76200F060C9 /* Base */ = {isa = PBXFileReference; lastKnownFileType = file.storyboard; name = Base; path = Base.lproj/Main.storyboard; sourceTree = "<group>"; };
		DC5AE1131E4FE76200F060C9 /* Assets.xcassets */ = {isa = PBXFileReference; lastKnownFileType = folder.assetcatalog; path = Assets.xcassets; sourceTree = "<group>"; };
		DC5AE1161E4FE76200F060C9 /* Base */ = {isa = PBXFileReference; lastKnownFileType = file.storyboard; name = Base; path = Base.lproj/LaunchScreen.storyboard; sourceTree = "<group>"; };
		DC5AE1181E4FE76200F060C9 /* Info.plist */ = {isa = PBXFileReference; lastKnownFileType = text.plist.xml; path = Info.plist; sourceTree = "<group>"; };
/* End PBXFileReference section */

/* Begin PBXFrameworksBuildPhase section */
		DC5AE1061E4FE76200F060C9 /* Frameworks */ = {
			isa = PBXFrameworksBuildPhase;
			buildActionMask = 2147483647;
			files = (
				7531DF473E406A0350AB16F2 /* Pods_BezierCurveExample.framework in Frameworks */,
			);
			runOnlyForDeploymentPostprocessing = 0;
		};
/* End PBXFrameworksBuildPhase section */

/* Begin PBXGroup section */
		3FCB618CACDFE708FCFB52AD /* Pods */ = {
			isa = PBXGroup;
			children = (
				9B3AC2A300F934115A76CBBF /* Pods-BezierCurveExample.debug.xcconfig */,
				339A9EBD9084E64069B25502 /* Pods-BezierCurveExample.release.xcconfig */,
			);
			name = Pods;
			sourceTree = "<group>";
		};
		B1A2C61E661CD0710FA6BA59 /* Frameworks */ = {
			isa = PBXGroup;
			children = (
				2E4EA301154B187C8ADC2DB5 /* Pods_BezierCurveExample.framework */,
			);
			name = Frameworks;
			sourceTree = "<group>";
		};
		DC5AE1001E4FE76200F060C9 = {
			isa = PBXGroup;
			children = (
				DC5AE10B1E4FE76200F060C9 /* BezierCurveExample */,
				DC5AE10A1E4FE76200F060C9 /* Products */,
				3FCB618CACDFE708FCFB52AD /* Pods */,
				B1A2C61E661CD0710FA6BA59 /* Frameworks */,
			);
			sourceTree = "<group>";
		};
		DC5AE10A1E4FE76200F060C9 /* Products */ = {
			isa = PBXGroup;
			children = (
				DC5AE1091E4FE76200F060C9 /* BezierCurveExample.app */,
			);
			name = Products;
			sourceTree = "<group>";
		};
		DC5AE10B1E4FE76200F060C9 /* BezierCurveExample */ = {
			isa = PBXGroup;
			children = (
				DC5AE10C1E4FE76200F060C9 /* AppDelegate.swift */,
				DC5AE10E1E4FE76200F060C9 /* ViewController.swift */,
				DC5AE1101E4FE76200F060C9 /* Main.storyboard */,
				DC5AE1131E4FE76200F060C9 /* Assets.xcassets */,
				DC5AE1151E4FE76200F060C9 /* LaunchScreen.storyboard */,
				DC5AE1181E4FE76200F060C9 /* Info.plist */,
			);
			path = BezierCurveExample;
			sourceTree = "<group>";
		};
/* End PBXGroup section */

/* Begin PBXNativeTarget section */
		DC5AE1081E4FE76200F060C9 /* BezierCurveExample */ = {
			isa = PBXNativeTarget;
			buildConfigurationList = DC5AE11B1E4FE76200F060C9 /* Build configuration list for PBXNativeTarget "BezierCurveExample" */;
			buildPhases = (
				956FA8D49F4ECFFA80FF2D82 /* [CP] Check Pods Manifest.lock */,
				DC5AE1051E4FE76200F060C9 /* Sources */,
				DC5AE1061E4FE76200F060C9 /* Frameworks */,
				DC5AE1071E4FE76200F060C9 /* Resources */,
				C4A1D4EBB46AC12E74EDFFDE /* [CP] Embed Pods Frameworks */,
			);
			buildRules = (
			);
			dependencies = (
			);
			name = BezierCurveExample;
			productName = BezierCurveExample;
			productReference = DC5AE1091E4FE76200F060C9 /* BezierCurveExample.app */;
			productType = "com.apple.product-type.application";
		};
/* End PBXNativeTarget section */

/* Begin PBXProject section */
		DC5AE1011E4FE76200F060C9 /* Project object */ = {
			isa = PBXProject;
			attributes = {
				LastSwiftUpdateCheck = 0820;
				LastUpgradeCheck = 0940;
				ORGANIZATIONNAME = SwiftArchitect;
				TargetAttributes = {
					DC5AE1081E4FE76200F060C9 = {
						CreatedOnToolsVersion = 8.2.1;
						DevelopmentTeam = 55K7THBUV8;
						LastSwiftMigration = 0940;
						ProvisioningStyle = Automatic;
					};
				};
			};
			buildConfigurationList = DC5AE1041E4FE76200F060C9 /* Build configuration list for PBXProject "BezierCurveExample" */;
			compatibilityVersion = "Xcode 9.3";
			developmentRegion = English;
			hasScannedForEncodings = 0;
			knownRegions = (
				en,
				Base,
			);
			mainGroup = DC5AE1001E4FE76200F060C9;
			productRefGroup = DC5AE10A1E4FE76200F060C9 /* Products */;
			projectDirPath = "";
			projectRoot = "";
			targets = (
				DC5AE1081E4FE76200F060C9 /* BezierCurveExample */,
			);
		};
/* End PBXProject section */

/* Begin PBXResourcesBuildPhase section */
		DC5AE1071E4FE76200F060C9 /* Resources */ = {
			isa = PBXResourcesBuildPhase;
			buildActionMask = 2147483647;
			files = (
				DC5AE1171E4FE76200F060C9 /* LaunchScreen.storyboard in Resources */,
				DC5AE1141E4FE76200F060C9 /* Assets.xcassets in Resources */,
				DC5AE1121E4FE76200F060C9 /* Main.storyboard in Resources */,
			);
			runOnlyForDeploymentPostprocessing = 0;
		};
/* End PBXResourcesBuildPhase section */

/* Begin PBXShellScriptBuildPhase section */
		956FA8D49F4ECFFA80FF2D82 /* [CP] Check Pods Manifest.lock */ = {
			isa = PBXShellScriptBuildPhase;
			buildActionMask = 2147483647;
			files = (
			);
			inputPaths = (
				"${PODS_PODFILE_DIR_PATH}/Podfile.lock",
				"${PODS_ROOT}/Manifest.lock",
			);
			name = "[CP] Check Pods Manifest.lock";
			outputPaths = (
				"$(DERIVED_FILE_DIR)/Pods-BezierCurveExample-checkManifestLockResult.txt",
			);
			runOnlyForDeploymentPostprocessing = 0;
			shellPath = /bin/sh;
			shellScript = "diff \"${PODS_PODFILE_DIR_PATH}/Podfile.lock\" \"${PODS_ROOT}/Manifest.lock\" > /dev/null\nif [ $? != 0 ] ; then\n    # print error to STDERR\n    echo \"error: The sandbox is not in sync with the Podfile.lock. Run 'pod install' or update your CocoaPods installation.\" >&2\n    exit 1\nfi\n# This output is used by Xcode 'outputs' to avoid re-running this script phase.\necho \"SUCCESS\" > \"${SCRIPT_OUTPUT_FILE_0}\"\n";
			showEnvVarsInLog = 0;
		};
		C4A1D4EBB46AC12E74EDFFDE /* [CP] Embed Pods Frameworks */ = {
			isa = PBXShellScriptBuildPhase;
			buildActionMask = 2147483647;
			files = (
			);
			inputPaths = (
				"${SRCROOT}/Pods/Target Support Files/Pods-BezierCurveExample/Pods-BezierCurveExample-frameworks.sh",
				"${BUILT_PRODUCTS_DIR}/BezierCurveView/BezierCurveView.framework",
			);
			name = "[CP] Embed Pods Frameworks";
			outputPaths = (
				"${TARGET_BUILD_DIR}/${FRAMEWORKS_FOLDER_PATH}/BezierCurveView.framework",
			);
			runOnlyForDeploymentPostprocessing = 0;
			shellPath = /bin/sh;
			shellScript = "\"${SRCROOT}/Pods/Target Support Files/Pods-BezierCurveExample/Pods-BezierCurveExample-frameworks.sh\"\n";
			showEnvVarsInLog = 0;
		};
/* End PBXShellScriptBuildPhase section */

/* Begin PBXSourcesBuildPhase section */
		DC5AE1051E4FE76200F060C9 /* Sources */ = {
			isa = PBXSourcesBuildPhase;
			buildActionMask = 2147483647;
			files = (
				DC5AE10F1E4FE76200F060C9 /* ViewController.swift in Sources */,
				DC5AE10D1E4FE76200F060C9 /* AppDelegate.swift in Sources */,
			);
			runOnlyForDeploymentPostprocessing = 0;
		};
/* End PBXSourcesBuildPhase section */

/* Begin PBXVariantGroup section */
		DC5AE1101E4FE76200F060C9 /* Main.storyboard */ = {
			isa = PBXVariantGroup;
			children = (
				DC5AE1111E4FE76200F060C9 /* Base */,
			);
			name = Main.storyboard;
			sourceTree = "<group>";
		};
		DC5AE1151E4FE76200F060C9 /* LaunchScreen.storyboard */ = {
			isa = PBXVariantGroup;
			children = (
				DC5AE1161E4FE76200F060C9 /* Base */,
			);
			name = LaunchScreen.storyboard;
			sourceTree = "<group>";
		};
/* End PBXVariantGroup section */

/* Begin XCBuildConfiguration section */
		DC5AE1191E4FE76200F060C9 /* Debug */ = {
			isa = XCBuildConfiguration;
			buildSettings = {
				ALWAYS_SEARCH_USER_PATHS = NO;
				CLANG_ANALYZER_NONNULL = YES;
				CLANG_CXX_LANGUAGE_STANDARD = "gnu++0x";
				CLANG_CXX_LIBRARY = "libc++";
				CLANG_ENABLE_MODULES = YES;
				CLANG_ENABLE_OBJC_ARC = YES;
				CLANG_WARN_BLOCK_CAPTURE_AUTORELEASING = YES;
				CLANG_WARN_BOOL_CONVERSION = YES;
				CLANG_WARN_COMMA = YES;
				CLANG_WARN_CONSTANT_CONVERSION = YES;
				CLANG_WARN_DEPRECATED_OBJC_IMPLEMENTATIONS = YES;
				CLANG_WARN_DIRECT_OBJC_ISA_USAGE = YES_ERROR;
				CLANG_WARN_DOCUMENTATION_COMMENTS = YES;
				CLANG_WARN_EMPTY_BODY = YES;
				CLANG_WARN_ENUM_CONVERSION = YES;
				CLANG_WARN_INFINITE_RECURSION = YES;
				CLANG_WARN_INT_CONVERSION = YES;
				CLANG_WARN_NON_LITERAL_NULL_CONVERSION = YES;
				CLANG_WARN_OBJC_IMPLICIT_RETAIN_SELF = YES;
				CLANG_WARN_OBJC_LITERAL_CONVERSION = YES;
				CLANG_WARN_OBJC_ROOT_CLASS = YES_ERROR;
				CLANG_WARN_RANGE_LOOP_ANALYSIS = YES;
				CLANG_WARN_STRICT_PROTOTYPES = YES;
				CLANG_WARN_SUSPICIOUS_MOVE = YES;
				CLANG_WARN_UNREACHABLE_CODE = YES;
				CLANG_WARN__DUPLICATE_METHOD_MATCH = YES;
				"CODE_SIGN_IDENTITY[sdk=iphoneos*]" = "iPhone Developer";
				COPY_PHASE_STRIP = NO;
				DEBUG_INFORMATION_FORMAT = dwarf;
				ENABLE_STRICT_OBJC_MSGSEND = YES;
				ENABLE_TESTABILITY = YES;
				GCC_C_LANGUAGE_STANDARD = gnu99;
				GCC_DYNAMIC_NO_PIC = NO;
				GCC_NO_COMMON_BLOCKS = YES;
				GCC_OPTIMIZATION_LEVEL = 0;
				GCC_PREPROCESSOR_DEFINITIONS = (
					"DEBUG=1",
					"$(inherited)",
				);
				GCC_WARN_64_TO_32_BIT_CONVERSION = YES;
				GCC_WARN_ABOUT_RETURN_TYPE = YES_ERROR;
				GCC_WARN_UNDECLARED_SELECTOR = YES;
				GCC_WARN_UNINITIALIZED_AUTOS = YES_AGGRESSIVE;
				GCC_WARN_UNUSED_FUNCTION = YES;
				GCC_WARN_UNUSED_VARIABLE = YES;
				MTL_ENABLE_DEBUG_INFO = YES;
				ONLY_ACTIVE_ARCH = YES;
				SDKROOT = iphoneos;
				SWIFT_ACTIVE_COMPILATION_CONDITIONS = DEBUG;
				SWIFT_OPTIMIZATION_LEVEL = "-Onone";
				TARGETED_DEVICE_FAMILY = "1,2";
			};
			name = Debug;
		};
		DC5AE11A1E4FE76200F060C9 /* Release */ = {
			isa = XCBuildConfiguration;
			buildSettings = {
				ALWAYS_SEARCH_USER_PATHS = NO;
				CLANG_ANALYZER_NONNULL = YES;
				CLANG_CXX_LANGUAGE_STANDARD = "gnu++0x";
				CLANG_CXX_LIBRARY = "libc++";
				CLANG_ENABLE_MODULES = YES;
				CLANG_ENABLE_OBJC_ARC = YES;
				CLANG_WARN_BLOCK_CAPTURE_AUTORELEASING = YES;
				CLANG_WARN_BOOL_CONVERSION = YES;
				CLANG_WARN_COMMA = YES;
				CLANG_WARN_CONSTANT_CONVERSION = YES;
				CLANG_WARN_DEPRECATED_OBJC_IMPLEMENTATIONS = YES;
				CLANG_WARN_DIRECT_OBJC_ISA_USAGE = YES_ERROR;
				CLANG_WARN_DOCUMENTATION_COMMENTS = YES;
				CLANG_WARN_EMPTY_BODY = YES;
				CLANG_WARN_ENUM_CONVERSION = YES;
				CLANG_WARN_INFINITE_RECURSION = YES;
				CLANG_WARN_INT_CONVERSION = YES;
				CLANG_WARN_NON_LITERAL_NULL_CONVERSION = YES;
				CLANG_WARN_OBJC_IMPLICIT_RETAIN_SELF = YES;
				CLANG_WARN_OBJC_LITERAL_CONVERSION = YES;
				CLANG_WARN_OBJC_ROOT_CLASS = YES_ERROR;
				CLANG_WARN_RANGE_LOOP_ANALYSIS = YES;
				CLANG_WARN_STRICT_PROTOTYPES = YES;
				CLANG_WARN_SUSPICIOUS_MOVE = YES;
				CLANG_WARN_UNREACHABLE_CODE = YES;
				CLANG_WARN__DUPLICATE_METHOD_MATCH = YES;
				"CODE_SIGN_IDENTITY[sdk=iphoneos*]" = "iPhone Developer";
				COPY_PHASE_STRIP = NO;
				DEBUG_INFORMATION_FORMAT = "dwarf-with-dsym";
				ENABLE_NS_ASSERTIONS = NO;
				ENABLE_STRICT_OBJC_MSGSEND = YES;
				GCC_C_LANGUAGE_STANDARD = gnu99;
				GCC_NO_COMMON_BLOCKS = YES;
				GCC_WARN_64_TO_32_BIT_CONVERSION = YES;
				GCC_WARN_ABOUT_RETURN_TYPE = YES_ERROR;
				GCC_WARN_UNDECLARED_SELECTOR = YES;
				GCC_WARN_UNINITIALIZED_AUTOS = YES_AGGRESSIVE;
				GCC_WARN_UNUSED_FUNCTION = YES;
				GCC_WARN_UNUSED_VARIABLE = YES;
				MTL_ENABLE_DEBUG_INFO = NO;
				SDKROOT = iphoneos;
				SWIFT_COMPILATION_MODE = wholemodule;
				SWIFT_OPTIMIZATION_LEVEL = "-O";
				TARGETED_DEVICE_FAMILY = "1,2";
				VALIDATE_PRODUCT = YES;
			};
			name = Release;
		};
		DC5AE11C1E4FE76200F060C9 /* Debug */ = {
			isa = XCBuildConfiguration;
			baseConfigurationReference = 9B3AC2A300F934115A76CBBF /* Pods-BezierCurveExample.debug.xcconfig */;
			buildSettings = {
				ASSETCATALOG_COMPILER_APPICON_NAME = AppIcon;
				DEVELOPMENT_TEAM = 55K7THBUV8;
				INFOPLIST_FILE = BezierCurveExample/Info.plist;
				LD_RUNPATH_SEARCH_PATHS = (
					"$(inherited)",
					"@executable_path/Frameworks",
				);
				PRODUCT_BUNDLE_IDENTIFIER = com.swiftarchitect.BezierCurveExample;
				PRODUCT_NAME = "$(TARGET_NAME)";
				SWIFT_SWIFT3_OBJC_INFERENCE = Default;
				SWIFT_VERSION = 4.0;
			};
			name = Debug;
		};
		DC5AE11D1E4FE76200F060C9 /* Release */ = {
			isa = XCBuildConfiguration;
			baseConfigurationReference = 339A9EBD9084E64069B25502 /* Pods-BezierCurveExample.release.xcconfig */;
			buildSettings = {
				ASSETCATALOG_COMPILER_APPICON_NAME = AppIcon;
				DEVELOPMENT_TEAM = 55K7THBUV8;
				INFOPLIST_FILE = BezierCurveExample/Info.plist;
				LD_RUNPATH_SEARCH_PATHS = (
					"$(inherited)",
					"@executable_path/Frameworks",
				);
				PRODUCT_BUNDLE_IDENTIFIER = com.swiftarchitect.BezierCurveExample;
				PRODUCT_NAME = "$(TARGET_NAME)";
				SWIFT_SWIFT3_OBJC_INFERENCE = Default;
				SWIFT_VERSION = 4.0;
			};
			name = Release;
		};
/* End XCBuildConfiguration section */

/* Begin XCConfigurationList section */
		DC5AE1041E4FE76200F060C9 /* Build configuration list for PBXProject "BezierCurveExample" */ = {
			isa = XCConfigurationList;
			buildConfigurations = (
				DC5AE1191E4FE76200F060C9 /* Debug */,
				DC5AE11A1E4FE76200F060C9 /* Release */,
			);
			defaultConfigurationIsVisible = 0;
			defaultConfigurationName = Release;
		};
		DC5AE11B1E4FE76200F060C9 /* Build configuration list for PBXNativeTarget "BezierCurveExample" */ = {
			isa = XCConfigurationList;
			buildConfigurations = (
				DC5AE11C1E4FE76200F060C9 /* Debug */,
				DC5AE11D1E4FE76200F060C9 /* Release */,
			);
			defaultConfigurationIsVisible = 0;
			defaultConfigurationName = Release;
		};
/* End XCConfigurationList section */
	};
	rootObject = DC5AE1011E4FE76200F060C9 /* Project object */;
}
