// !$*UTF8*$!
{
	archiveVersion = 1;
	classes = {
	};
	objectVersion = 46;
	objects = {

/* Begin PBXBuildFile section */
		DC54040B1BDB0777000E33A7 /* main.m in Sources */ = {isa = PBXBuildFile; fileRef = DC54040A1BDB0777000E33A7 /* main.m */; };
		DC54040E1BDB0777000E33A7 /* AppDelegate.m in Sources */ = {isa = PBXBuildFile; fileRef = DC54040D1BDB0777000E33A7 /* AppDelegate.m */; };
		DC5404111BDB0777000E33A7 /* ViewController.m in Sources */ = {isa = PBXBuildFile; fileRef = DC5404101BDB0777000E33A7 /* ViewController.m */; };
		DC5404141BDB0777000E33A7 /* Main.storyboard in Resources */ = {isa = PBXBuildFile; fileRef = DC5404121BDB0777000E33A7 /* Main.storyboard */; };
		DC5404161BDB0777000E33A7 /* Assets.xcassets in Resources */ = {isa = PBXBuildFile; fileRef = DC5404151BDB0777000E33A7 /* Assets.xcassets */; };
		DC5404191BDB0777000E33A7 /* LaunchScreen.storyboard in Resources */ = {isa = PBXBuildFile; fileRef = DC5404171BDB0777000E33A7 /* LaunchScreen.storyboard */; };
		DC5404231BDB07BA000E33A7 /* BezierCurveArrowViewObjC7.m in Sources */ = {isa = PBXBuildFile; fileRef = DC5404221BDB07BA000E33A7 /* BezierCurveArrowViewObjC7.m */; settings = {ASSET_TAGS = (); }; };
/* End PBXBuildFile section */

/* Begin PBXFileReference section */
		DC5404061BDB0777000E33A7 /* BezierCurveExample.app */ = {isa = PBXFileReference; explicitFileType = wrapper.application; includeInIndex = 0; path = BezierCurveExample.app; sourceTree = BUILT_PRODUCTS_DIR; };
		DC54040A1BDB0777000E33A7 /* main.m */ = {isa = PBXFileReference; lastKnownFileType = sourcecode.c.objc; path = main.m; sourceTree = "<group>"; };
		DC54040C1BDB0777000E33A7 /* AppDelegate.h */ = {isa = PBXFileReference; lastKnownFileType = sourcecode.c.h; path = AppDelegate.h; sourceTree = "<group>"; };
		DC54040D1BDB0777000E33A7 /* AppDelegate.m */ = {isa = PBXFileReference; lastKnownFileType = sourcecode.c.objc; path = AppDelegate.m; sourceTree = "<group>"; };
		DC54040F1BDB0777000E33A7 /* ViewController.h */ = {isa = PBXFileReference; lastKnownFileType = sourcecode.c.h; path = ViewController.h; sourceTree = "<group>"; };
		DC5404101BDB0777000E33A7 /* ViewController.m */ = {isa = PBXFileReference; lastKnownFileType = sourcecode.c.objc; path = ViewController.m; sourceTree = "<group>"; };
		DC5404131BDB0777000E33A7 /* Base */ = {isa = PBXFileReference; lastKnownFileType = file.storyboard; name = Base; path = Base.lproj/Main.storyboard; sourceTree = "<group>"; };
		DC5404151BDB0777000E33A7 /* Assets.xcassets */ = {isa = PBXFileReference; lastKnownFileType = folder.assetcatalog; path = Assets.xcassets; sourceTree = "<group>"; };
		DC5404181BDB0777000E33A7 /* Base */ = {isa = PBXFileReference; lastKnownFileType = file.storyboard; name = Base; path = Base.lproj/LaunchScreen.storyboard; sourceTree = "<group>"; };
		DC54041A1BDB0777000E33A7 /* Info.plist */ = {isa = PBXFileReference; lastKnownFileType = text.plist.xml; path = Info.plist; sourceTree = "<group>"; };
		DC5404211BDB07BA000E33A7 /* BezierCurveArrowViewObjC7.h */ = {isa = PBXFileReference; fileEncoding = 4; lastKnownFileType = sourcecode.c.h; path = BezierCurveArrowViewObjC7.h; sourceTree = "<group>"; };
		DC5404221BDB07BA000E33A7 /* BezierCurveArrowViewObjC7.m */ = {isa = PBXFileReference; fileEncoding = 4; lastKnownFileType = sourcecode.c.objc; path = BezierCurveArrowViewObjC7.m; sourceTree = "<group>"; };
/* End PBXFileReference section */

/* Begin PBXFrameworksBuildPhase section */
		DC5404031BDB0777000E33A7 /* Frameworks */ = {
			isa = PBXFrameworksBuildPhase;
			buildActionMask = 2147483647;
			files = (
			);
			runOnlyForDeploymentPostprocessing = 0;
		};
/* End PBXFrameworksBuildPhase section */

/* Begin PBXGroup section */
		DC5403FD1BDB0777000E33A7 = {
			isa = PBXGroup;
			children = (
				DC5404081BDB0777000E33A7 /* BezierCurveExample */,
				DC5404071BDB0777000E33A7 /* Products */,
			);
			sourceTree = "<group>";
		};
		DC5404071BDB0777000E33A7 /* Products */ = {
			isa = PBXGroup;
			children = (
				DC5404061BDB0777000E33A7 /* BezierCurveExample.app */,
			);
			name = Products;
			sourceTree = "<group>";
		};
		DC5404081BDB0777000E33A7 /* BezierCurveExample */ = {
			isa = PBXGroup;
			children = (
				DC5404201BDB07BA000E33A7 /* BezierCurveView */,
				DC54040C1BDB0777000E33A7 /* AppDelegate.h */,
				DC54040D1BDB0777000E33A7 /* AppDelegate.m */,
				DC54040F1BDB0777000E33A7 /* ViewController.h */,
				DC5404101BDB0777000E33A7 /* ViewController.m */,
				DC5404121BDB0777000E33A7 /* Main.storyboard */,
				DC5404151BDB0777000E33A7 /* Assets.xcassets */,
				DC5404171BDB0777000E33A7 /* LaunchScreen.storyboard */,
				DC54041A1BDB0777000E33A7 /* Info.plist */,
				DC5404091BDB0777000E33A7 /* Supporting Files */,
			);
			name = BezierCurveExample;
			path = BezierCurveExample7;
			sourceTree = "<group>";
		};
		DC5404091BDB0777000E33A7 /* Supporting Files */ = {
			isa = PBXGroup;
			children = (
				DC54040A1BDB0777000E33A7 /* main.m */,
			);
			name = "Supporting Files";
			sourceTree = "<group>";
		};
		DC5404201BDB07BA000E33A7 /* BezierCurveView */ = {
			isa = PBXGroup;
			children = (
				DC5404211BDB07BA000E33A7 /* BezierCurveArrowViewObjC7.h */,
				DC5404221BDB07BA000E33A7 /* BezierCurveArrowViewObjC7.m */,
			);
			name = BezierCurveView;
			path = ../../BezierCurveView;
			sourceTree = "<group>";
		};
/* End PBXGroup section */

/* Begin PBXNativeTarget section */
		DC5404051BDB0777000E33A7 /* BezierCurveExample */ = {
			isa = PBXNativeTarget;
			buildConfigurationList = DC54041D1BDB0777000E33A7 /* Build configuration list for PBXNativeTarget "BezierCurveExample" */;
			buildPhases = (
				DC5404021BDB0777000E33A7 /* Sources */,
				DC5404031BDB0777000E33A7 /* Frameworks */,
				DC5404041BDB0777000E33A7 /* Resources */,
			);
			buildRules = (
			);
			dependencies = (
			);
			name = BezierCurveExample;
			productName = BezierCurveExample;
			productReference = DC5404061BDB0777000E33A7 /* BezierCurveExample.app */;
			productType = "com.apple.product-type.application";
		};
/* End PBXNativeTarget section */

/* Begin PBXProject section */
		DC5403FE1BDB0777000E33A7 /* Project object */ = {
			isa = PBXProject;
			attributes = {
				LastUpgradeCheck = 0700;
				ORGANIZATIONNAME = SwiftArchitect;
				TargetAttributes = {
					DC5404051BDB0777000E33A7 = {
						CreatedOnToolsVersion = 7.0;
					};
				};
			};
			buildConfigurationList = DC5404011BDB0777000E33A7 /* Build configuration list for PBXProject "BezierCurveExample7" */;
			compatibilityVersion = "Xcode 3.2";
			developmentRegion = English;
			hasScannedForEncodings = 0;
			knownRegions = (
				en,
				Base,
			);
			mainGroup = DC5403FD1BDB0777000E33A7;
			productRefGroup = DC5404071BDB0777000E33A7 /* Products */;
			projectDirPath = "";
			projectRoot = "";
			targets = (
				DC5404051BDB0777000E33A7 /* BezierCurveExample */,
			);
		};
/* End PBXProject section */

/* Begin PBXResourcesBuildPhase section */
		DC5404041BDB0777000E33A7 /* Resources */ = {
			isa = PBXResourcesBuildPhase;
			buildActionMask = 2147483647;
			files = (
				DC5404191BDB0777000E33A7 /* LaunchScreen.storyboard in Resources */,
				DC5404161BDB0777000E33A7 /* Assets.xcassets in Resources */,
				DC5404141BDB0777000E33A7 /* Main.storyboard in Resources */,
			);
			runOnlyForDeploymentPostprocessing = 0;
		};
/* End PBXResourcesBuildPhase section */

/* Begin PBXSourcesBuildPhase section */
		DC5404021BDB0777000E33A7 /* Sources */ = {
			isa = PBXSourcesBuildPhase;
			buildActionMask = 2147483647;
			files = (
				DC5404111BDB0777000E33A7 /* ViewController.m in Sources */,
				DC54040E1BDB0777000E33A7 /* AppDelegate.m in Sources */,
				DC54040B1BDB0777000E33A7 /* main.m in Sources */,
				DC5404231BDB07BA000E33A7 /* BezierCurveArrowViewObjC7.m in Sources */,
			);
			runOnlyForDeploymentPostprocessing = 0;
		};
/* End PBXSourcesBuildPhase section */

/* Begin PBXVariantGroup section */
		DC5404121BDB0777000E33A7 /* Main.storyboard */ = {
			isa = PBXVariantGroup;
			children = (
				DC5404131BDB0777000E33A7 /* Base */,
			);
			name = Main.storyboard;
			sourceTree = "<group>";
		};
		DC5404171BDB0777000E33A7 /* LaunchScreen.storyboard */ = {
			isa = PBXVariantGroup;
			children = (
				DC5404181BDB0777000E33A7 /* Base */,
			);
			name = LaunchScreen.storyboard;
			sourceTree = "<group>";
		};
/* End PBXVariantGroup section */

/* Begin XCBuildConfiguration section */
		DC54041B1BDB0777000E33A7 /* Debug */ = {
			isa = XCBuildConfiguration;
			buildSettings = {
				ALWAYS_SEARCH_USER_PATHS = NO;
				CLANG_CXX_LANGUAGE_STANDARD = "gnu++0x";
				CLANG_CXX_LIBRARY = "libc++";
				CLANG_ENABLE_MODULES = YES;
				CLANG_ENABLE_OBJC_ARC = YES;
				CLANG_WARN_BOOL_CONVERSION = YES;
				CLANG_WARN_CONSTANT_CONVERSION = YES;
				CLANG_WARN_DIRECT_OBJC_ISA_USAGE = YES_ERROR;
				CLANG_WARN_EMPTY_BODY = YES;
				CLANG_WARN_ENUM_CONVERSION = YES;
				CLANG_WARN_INT_CONVERSION = YES;
				CLANG_WARN_OBJC_ROOT_CLASS = YES_ERROR;
				CLANG_WARN_UNREACHABLE_CODE = YES;
				CLANG_WARN__DUPLICATE_METHOD_MATCH = YES;
				"CODE_SIGN_IDENTITY[sdk=iphoneos*]" = "iPhone Developer";
				COPY_PHASE_STRIP = NO;
				DEBUG_INFORMATION_FORMAT = dwarf;
				ENABLE_STRICT_OBJC_MSGSEND = YES;
				ENABLE_TESTABILITY = YES;
				GCC_C_LANGUAGE_STANDARD = gnu99;
				GCC_DYNAMIC_NO_PIC = NO;
				GCC_NO_COMMON_BLOCKS = YES;
				GCC_OPTIMIZATION_LEVEL = 0;
				GCC_PREPROCESSOR_DEFINITIONS = (
					"DEBUG=1",
					"$(inherited)",
				);
				GCC_WARN_64_TO_32_BIT_CONVERSION = YES;
				GCC_WARN_ABOUT_RETURN_TYPE = YES_ERROR;
				GCC_WARN_UNDECLARED_SELECTOR = YES;
				GCC_WARN_UNINITIALIZED_AUTOS = YES_AGGRESSIVE;
				GCC_WARN_UNUSED_FUNCTION = YES;
				GCC_WARN_UNUSED_VARIABLE = YES;
				IPHONEOS_DEPLOYMENT_TARGET = 9.0;
				MTL_ENABLE_DEBUG_INFO = YES;
				ONLY_ACTIVE_ARCH = YES;
				SDKROOT = iphoneos;
				TARGETED_DEVICE_FAMILY = "1,2";
			};
			name = Debug;
		};
		DC54041C1BDB0777000E33A7 /* Release */ = {
			isa = XCBuildConfiguration;
			buildSettings = {
				ALWAYS_SEARCH_USER_PATHS = NO;
				CLANG_CXX_LANGUAGE_STANDARD = "gnu++0x";
				CLANG_CXX_LIBRARY = "libc++";
				CLANG_ENABLE_MODULES = YES;
				CLANG_ENABLE_OBJC_ARC = YES;
				CLANG_WARN_BOOL_CONVERSION = YES;
				CLANG_WARN_CONSTANT_CONVERSION = YES;
				CLANG_WARN_DIRECT_OBJC_ISA_USAGE = YES_ERROR;
				CLANG_WARN_EMPTY_BODY = YES;
				CLANG_WARN_ENUM_CONVERSION = YES;
				CLANG_WARN_INT_CONVERSION = YES;
				CLANG_WARN_OBJC_ROOT_CLASS = YES_ERROR;
				CLANG_WARN_UNREACHABLE_CODE = YES;
				CLANG_WARN__DUPLICATE_METHOD_MATCH = YES;
				"CODE_SIGN_IDENTITY[sdk=iphoneos*]" = "iPhone Developer";
				COPY_PHASE_STRIP = NO;
				DEBUG_INFORMATION_FORMAT = "dwarf-with-dsym";
				ENABLE_NS_ASSERTIONS = NO;
				ENABLE_STRICT_OBJC_MSGSEND = YES;
				GCC_C_LANGUAGE_STANDARD = gnu99;
				GCC_NO_COMMON_BLOCKS = YES;
				GCC_WARN_64_TO_32_BIT_CONVERSION = YES;
				GCC_WARN_ABOUT_RETURN_TYPE = YES_ERROR;
				GCC_WARN_UNDECLARED_SELECTOR = YES;
				GCC_WARN_UNINITIALIZED_AUTOS = YES_AGGRESSIVE;
				GCC_WARN_UNUSED_FUNCTION = YES;
				GCC_WARN_UNUSED_VARIABLE = YES;
				IPHONEOS_DEPLOYMENT_TARGET = 9.0;
				MTL_ENABLE_DEBUG_INFO = NO;
				SDKROOT = iphoneos;
				TARGETED_DEVICE_FAMILY = "1,2";
				VALIDATE_PRODUCT = YES;
			};
			name = Release;
		};
		DC54041E1BDB0777000E33A7 /* Debug */ = {
			isa = XCBuildConfiguration;
			buildSettings = {
				ASSETCATALOG_COMPILER_APPICON_NAME = AppIcon;
				INFOPLIST_FILE = BezierCurveExample7/Info.plist;
				IPHONEOS_DEPLOYMENT_TARGET = 7.0;
				LD_RUNPATH_SEARCH_PATHS = "$(inherited) @executable_path/Frameworks";
				PRODUCT_BUNDLE_IDENTIFIER = com.swiftarchitect.BezierCurveExample;
				PRODUCT_NAME = "$(TARGET_NAME)";
			};
			name = Debug;
		};
		DC54041F1BDB0777000E33A7 /* Release */ = {
			isa = XCBuildConfiguration;
			buildSettings = {
				ASSETCATALOG_COMPILER_APPICON_NAME = AppIcon;
				INFOPLIST_FILE = BezierCurveExample7/Info.plist;
				IPHONEOS_DEPLOYMENT_TARGET = 7.0;
				LD_RUNPATH_SEARCH_PATHS = "$(inherited) @executable_path/Frameworks";
				PRODUCT_BUNDLE_IDENTIFIER = com.swiftarchitect.BezierCurveExample;
				PRODUCT_NAME = "$(TARGET_NAME)";
			};
			name = Release;
		};
/* End XCBuildConfiguration section */

/* Begin XCConfigurationList section */
		DC5404011BDB0777000E33A7 /* Build configuration list for PBXProject "BezierCurveExample7" */ = {
			isa = XCConfigurationList;
			buildConfigurations = (
				DC54041B1BDB0777000E33A7 /* Debug */,
				DC54041C1BDB0777000E33A7 /* Release */,
			);
			defaultConfigurationIsVisible = 0;
			defaultConfigurationName = Release;
		};
		DC54041D1BDB0777000E33A7 /* Build configuration list for PBXNativeTarget "BezierCurveExample" */ = {
			isa = XCConfigurationList;
			buildConfigurations = (
				DC54041E1BDB0777000E33A7 /* Debug */,
				DC54041F1BDB0777000E33A7 /* Release */,
			);
			defaultConfigurationIsVisible = 0;
			defaultConfigurationName = Release;
		};
/* End XCConfigurationList section */
	};
	rootObject = DC5403FE1BDB0777000E33A7 /* Project object */;
}
